
Microsoft Visual Studio Solution File, Format Version 12.00
# Visual Studio Version 17
VisualStudioVersion = 17.3.32929.385
MinimumVisualStudioVersion = 10.0.40219.1
Project("{8BC9CEB8-8B4A-11D0-8D11-00A0C91BC942}") = "kamalMBARKI_MFC", "kamalMBARKI_MFC.vcxproj", "{423D348B-4F83-4351-BEC4-E06EE41F820B}"
EndProject
Global
	GlobalSection(SolutionConfigurationPlatforms) = preSolution
		Debug|x64 = Debug|x64
		Debug|x86 = Debug|x86
		Release|x64 = Release|x64
		Release|x86 = Release|x86
	EndGlobalSection
	GlobalSection(ProjectConfigurationPlatforms) = postSolution
		{423D348B-4F83-4351-BEC4-E06EE41F820B}.Debug|x64.ActiveCfg = Debug|x64
		{423D348B-4F83-4351-BEC4-E06EE41F820B}.Debug|x64.Build.0 = Debug|x64
		{423D348B-4F83-4351-BEC4-E06EE41F820B}.Debug|x86.ActiveCfg = Debug|Win32
		{423D348B-4F83-4351-BEC4-E06EE41F820B}.Debug|x86.Build.0 = Debug|Win32
		{423D348B-4F83-4351-BEC4-E06EE41F820B}.Release|x64.ActiveCfg = Release|x64
		{423D348B-4F83-4351-BEC4-E06EE41F820B}.Release|x64.Build.0 = Release|x64
		{423D348B-4F83-4351-BEC4-E06EE41F820B}.Release|x86.ActiveCfg = Release|Win32
		{423D348B-4F83-4351-BEC4-E06EE41F820B}.Release|x86.Build.0 = Release|Win32
	EndGlobalSection
	GlobalSection(SolutionProperties) = preSolution
		HideSolutionNode = FALSE
	EndGlobalSection
	GlobalSection(ExtensibilityGlobals) = postSolution
		SolutionGuid = {FA493967-FAB9-41E3-A008-1786BC7D8D21}
	EndGlobalSection
EndGlobal
